
Microsoft Visual Studio Solution File, Format Version 12.00
# Visual Studio Version 17
VisualStudioVersion = 17.6.33723.286
MinimumVisualStudioVersion = 10.0.40219.1
Project("{FAE04EC0-301F-11D3-BF4B-00C04F79EFBC}") = "classTwo", "classTwo.csproj", "{DB9055F2-E61E-47AB-A7F3-6E5D5B413BEC}"
EndProject
Global
	GlobalSection(SolutionConfigurationPlatforms) = preSolution
		Debug|Any CPU = Debug|Any CPU
		Release|Any CPU = Release|Any CPU
	EndGlobalSection
	GlobalSection(ProjectConfigurationPlatforms) = postSolution
		{DB9055F2-E61E-47AB-A7F3-6E5D5B413BEC}.Debug|Any CPU.ActiveCfg = Debug|Any CPU
		{DB9055F2-E61E-47AB-A7F3-6E5D5B413BEC}.Debug|Any CPU.Build.0 = Debug|Any CPU
		{DB9055F2-E61E-47AB-A7F3-6E5D5B413BEC}.Release|Any CPU.ActiveCfg = Release|Any CPU
		{DB9055F2-E61E-47AB-A7F3-6E5D5B413BEC}.Release|Any CPU.Build.0 = Release|Any CPU
	EndGlobalSection
	GlobalSection(SolutionProperties) = preSolution
		HideSolutionNode = FALSE
	EndGlobalSection
	GlobalSection(ExtensibilityGlobals) = postSolution
		SolutionGuid = {1B11F236-7B48-4551-AB1F-7ED6775445C3}
	EndGlobalSection
EndGlobal
