
Microsoft Visual Studio Solution File, Format Version 12.00
# Visual Studio Version 17
VisualStudioVersion = 17.2.32505.173
MinimumVisualStudioVersion = 10.0.40219.1
Project("{FAE04EC0-301F-11D3-BF4B-00C04F79EFBC}") = "studies project", "studies project.csproj", "{1949D87F-544F-4BC2-AE8B-D59ACB36A96F}"
EndProject
Global
	GlobalSection(SolutionConfigurationPlatforms) = preSolution
		Debug|Any CPU = Debug|Any CPU
		Release|Any CPU = Release|Any CPU
	EndGlobalSection
	GlobalSection(ProjectConfigurationPlatforms) = postSolution
		{1949D87F-544F-4BC2-AE8B-D59ACB36A96F}.Debug|Any CPU.ActiveCfg = Debug|Any CPU
		{1949D87F-544F-4BC2-AE8B-D59ACB36A96F}.Debug|Any CPU.Build.0 = Debug|Any CPU
		{1949D87F-544F-4BC2-AE8B-D59ACB36A96F}.Release|Any CPU.ActiveCfg = Release|Any CPU
		{1949D87F-544F-4BC2-AE8B-D59ACB36A96F}.Release|Any CPU.Build.0 = Release|Any CPU
	EndGlobalSection
	GlobalSection(SolutionProperties) = preSolution
		HideSolutionNode = FALSE
	EndGlobalSection
	GlobalSection(ExtensibilityGlobals) = postSolution
		SolutionGuid = {9EC23CE9-2603-4EDC-A4FA-DCC4186B21D3}
	EndGlobalSection
EndGlobal
