
Microsoft Visual Studio Solution File, Format Version 12.00
# Visual Studio Version 17
VisualStudioVersion = 17.6.33801.468
MinimumVisualStudioVersion = 10.0.40219.1
Project("{FAE04EC0-301F-11D3-BF4B-00C04F79EFBC}") = "2d array", "2d array.csproj", "{50996D17-5E6C-4B00-8C21-F3E21742C6D6}"
EndProject
Global
	GlobalSection(SolutionConfigurationPlatforms) = preSolution
		Debug|Any CPU = Debug|Any CPU
		Release|Any CPU = Release|Any CPU
	EndGlobalSection
	GlobalSection(ProjectConfigurationPlatforms) = postSolution
		{50996D17-5E6C-4B00-8C21-F3E21742C6D6}.Debug|Any CPU.ActiveCfg = Debug|Any CPU
		{50996D17-5E6C-4B00-8C21-F3E21742C6D6}.Debug|Any CPU.Build.0 = Debug|Any CPU
		{50996D17-5E6C-4B00-8C21-F3E21742C6D6}.Release|Any CPU.ActiveCfg = Release|Any CPU
		{50996D17-5E6C-4B00-8C21-F3E21742C6D6}.Release|Any CPU.Build.0 = Release|Any CPU
	EndGlobalSection
	GlobalSection(SolutionProperties) = preSolution
		HideSolutionNode = FALSE
	EndGlobalSection
	GlobalSection(ExtensibilityGlobals) = postSolution
		SolutionGuid = {117F14A5-82CD-41C7-9511-631D55F3B92E}
	EndGlobalSection
EndGlobal
